
Microsoft Visual Studio Solution File, Format Version 12.00
# Visual Studio 15
Project("{FAE04EC0-301F-11D3-BF4B-00C04F79EFBC}") = "Assembly-CSharp", "Assembly-CSharp.csproj", "{2F01198D-3D45-F109-B2E1-9DED6C272F56}"
EndProject
Project("{FAE04EC0-301F-11D3-BF4B-00C04F79EFBC}") = "Assembly-CSharp-Editor", "Assembly-CSharp-Editor.csproj", "{6BEC10F2-AB87-E67C-B999-5A218B98A4A5}"
EndProject
Global
	GlobalSection(SolutionConfigurationPlatforms) = preSolution
		Debug|Any CPU = Debug|Any CPU
		Release|Any CPU = Release|Any CPU
	EndGlobalSection
	GlobalSection(ProjectConfigurationPlatforms) = postSolution
		{2F01198D-3D45-F109-B2E1-9DED6C272F56}.Debug|Any CPU.ActiveCfg = Debug|Any CPU
		{2F01198D-3D45-F109-B2E1-9DED6C272F56}.Debug|Any CPU.Build.0 = Debug|Any CPU
		{2F01198D-3D45-F109-B2E1-9DED6C272F56}.Release|Any CPU.ActiveCfg = Release|Any CPU
		{2F01198D-3D45-F109-B2E1-9DED6C272F56}.Release|Any CPU.Build.0 = Release|Any CPU
		{6BEC10F2-AB87-E67C-B999-5A218B98A4A5}.Debug|Any CPU.ActiveCfg = Debug|Any CPU
		{6BEC10F2-AB87-E67C-B999-5A218B98A4A5}.Debug|Any CPU.Build.0 = Debug|Any CPU
		{6BEC10F2-AB87-E67C-B999-5A218B98A4A5}.Release|Any CPU.ActiveCfg = Release|Any CPU
		{6BEC10F2-AB87-E67C-B999-5A218B98A4A5}.Release|Any CPU.Build.0 = Release|Any CPU
	EndGlobalSection
	GlobalSection(SolutionProperties) = preSolution
		HideSolutionNode = FALSE
	EndGlobalSection
EndGlobal
