
Microsoft Visual Studio Solution File, Format Version 12.00
# Visual Studio 15
Project("{FAE04EC0-301F-11D3-BF4B-00C04F79EFBC}") = "Assembly-CSharp", "Assembly-CSharp.csproj", "{3774723C-E699-D041-E2B1-0F035FCF6326}"
EndProject
Project("{FAE04EC0-301F-11D3-BF4B-00C04F79EFBC}") = "Assembly-CSharp-Editor", "Assembly-CSharp-Editor.csproj", "{289BE582-FF93-52C8-6B99-E7CB189D9E96}"
EndProject
Global
	GlobalSection(SolutionConfigurationPlatforms) = preSolution
		Debug|Any CPU = Debug|Any CPU
		Release|Any CPU = Release|Any CPU
	EndGlobalSection
	GlobalSection(ProjectConfigurationPlatforms) = postSolution
		{3774723C-E699-D041-E2B1-0F035FCF6326}.Debug|Any CPU.ActiveCfg = Debug|Any CPU
		{3774723C-E699-D041-E2B1-0F035FCF6326}.Debug|Any CPU.Build.0 = Debug|Any CPU
		{3774723C-E699-D041-E2B1-0F035FCF6326}.Release|Any CPU.ActiveCfg = Release|Any CPU
		{3774723C-E699-D041-E2B1-0F035FCF6326}.Release|Any CPU.Build.0 = Release|Any CPU
		{289BE582-FF93-52C8-6B99-E7CB189D9E96}.Debug|Any CPU.ActiveCfg = Debug|Any CPU
		{289BE582-FF93-52C8-6B99-E7CB189D9E96}.Debug|Any CPU.Build.0 = Debug|Any CPU
		{289BE582-FF93-52C8-6B99-E7CB189D9E96}.Release|Any CPU.ActiveCfg = Release|Any CPU
		{289BE582-FF93-52C8-6B99-E7CB189D9E96}.Release|Any CPU.Build.0 = Release|Any CPU
	EndGlobalSection
	GlobalSection(SolutionProperties) = preSolution
		HideSolutionNode = FALSE
	EndGlobalSection
EndGlobal
