
Microsoft Visual Studio Solution File, Format Version 12.00
# Visual Studio 15
Project("{FAE04EC0-301F-11D3-BF4B-00C04F79EFBC}") = "Assembly-CSharp", "Assembly-CSharp.csproj", "{1071DED2-C497-4E3F-BAC6-76622CAAE849}"
EndProject
Project("{FAE04EC0-301F-11D3-BF4B-00C04F79EFBC}") = "ToonyColorsPro2.Demo", "ToonyColorsPro2.Demo.csproj", "{08F86A64-DEF0-CD70-A47C-8874D9C8755B}"
EndProject
Project("{FAE04EC0-301F-11D3-BF4B-00C04F79EFBC}") = "ToonyColorsPro.Runtime", "ToonyColorsPro.Runtime.csproj", "{C9C608AB-2D35-BF54-00E6-820C501BAB15}"
EndProject
Project("{FAE04EC0-301F-11D3-BF4B-00C04F79EFBC}") = "ToonyColorsPro.Editor", "ToonyColorsPro.Editor.csproj", "{ACFEC981-FC23-68ED-6DD2-F68B1DE49159}"
EndProject
Project("{FAE04EC0-301F-11D3-BF4B-00C04F79EFBC}") = "ToonyColorsPro.Demo.Editor", "ToonyColorsPro.Demo.Editor.csproj", "{94517291-2279-4B09-ACD3-76A9BF525C2F}"
EndProject
Global
	GlobalSection(SolutionConfigurationPlatforms) = preSolution
		Debug|Any CPU = Debug|Any CPU
		Release|Any CPU = Release|Any CPU
	EndGlobalSection
	GlobalSection(ProjectConfigurationPlatforms) = postSolution
		{1071DED2-C497-4E3F-BAC6-76622CAAE849}.Debug|Any CPU.ActiveCfg = Debug|Any CPU
		{1071DED2-C497-4E3F-BAC6-76622CAAE849}.Debug|Any CPU.Build.0 = Debug|Any CPU
		{1071DED2-C497-4E3F-BAC6-76622CAAE849}.Release|Any CPU.ActiveCfg = Release|Any CPU
		{1071DED2-C497-4E3F-BAC6-76622CAAE849}.Release|Any CPU.Build.0 = Release|Any CPU
		{08F86A64-DEF0-CD70-A47C-8874D9C8755B}.Debug|Any CPU.ActiveCfg = Debug|Any CPU
		{08F86A64-DEF0-CD70-A47C-8874D9C8755B}.Debug|Any CPU.Build.0 = Debug|Any CPU
		{08F86A64-DEF0-CD70-A47C-8874D9C8755B}.Release|Any CPU.ActiveCfg = Release|Any CPU
		{08F86A64-DEF0-CD70-A47C-8874D9C8755B}.Release|Any CPU.Build.0 = Release|Any CPU
		{C9C608AB-2D35-BF54-00E6-820C501BAB15}.Debug|Any CPU.ActiveCfg = Debug|Any CPU
		{C9C608AB-2D35-BF54-00E6-820C501BAB15}.Debug|Any CPU.Build.0 = Debug|Any CPU
		{C9C608AB-2D35-BF54-00E6-820C501BAB15}.Release|Any CPU.ActiveCfg = Release|Any CPU
		{C9C608AB-2D35-BF54-00E6-820C501BAB15}.Release|Any CPU.Build.0 = Release|Any CPU
		{ACFEC981-FC23-68ED-6DD2-F68B1DE49159}.Debug|Any CPU.ActiveCfg = Debug|Any CPU
		{ACFEC981-FC23-68ED-6DD2-F68B1DE49159}.Debug|Any CPU.Build.0 = Debug|Any CPU
		{ACFEC981-FC23-68ED-6DD2-F68B1DE49159}.Release|Any CPU.ActiveCfg = Release|Any CPU
		{ACFEC981-FC23-68ED-6DD2-F68B1DE49159}.Release|Any CPU.Build.0 = Release|Any CPU
		{94517291-2279-4B09-ACD3-76A9BF525C2F}.Debug|Any CPU.ActiveCfg = Debug|Any CPU
		{94517291-2279-4B09-ACD3-76A9BF525C2F}.Debug|Any CPU.Build.0 = Debug|Any CPU
		{94517291-2279-4B09-ACD3-76A9BF525C2F}.Release|Any CPU.ActiveCfg = Release|Any CPU
		{94517291-2279-4B09-ACD3-76A9BF525C2F}.Release|Any CPU.Build.0 = Release|Any CPU
	EndGlobalSection
	GlobalSection(SolutionProperties) = preSolution
		HideSolutionNode = FALSE
	EndGlobalSection
EndGlobal
